
Microsoft Visual Studio Solution File, Format Version 12.00
# Visual Studio Version 17
VisualStudioVersion = 17.2.32630.192
MinimumVisualStudioVersion = 10.0.40219.1
Project("{FAE04EC0-301F-11D3-BF4B-00C04F79EFBC}") = "PasswordContainer", "PasswordContainer\PasswordContainer.csproj", "{AAA57BA8-2E9A-4A2B-A245-B475B9F8DF40}"
EndProject
Global
	GlobalSection(SolutionConfigurationPlatforms) = preSolution
		Debug|Any CPU = Debug|Any CPU
		Release|Any CPU = Release|Any CPU
	EndGlobalSection
	GlobalSection(ProjectConfigurationPlatforms) = postSolution
		{AAA57BA8-2E9A-4A2B-A245-B475B9F8DF40}.Debug|Any CPU.ActiveCfg = Debug|Any CPU
		{AAA57BA8-2E9A-4A2B-A245-B475B9F8DF40}.Debug|Any CPU.Build.0 = Debug|Any CPU
		{AAA57BA8-2E9A-4A2B-A245-B475B9F8DF40}.Release|Any CPU.ActiveCfg = Release|Any CPU
		{AAA57BA8-2E9A-4A2B-A245-B475B9F8DF40}.Release|Any CPU.Build.0 = Release|Any CPU
	EndGlobalSection
	GlobalSection(SolutionProperties) = preSolution
		HideSolutionNode = FALSE
	EndGlobalSection
	GlobalSection(ExtensibilityGlobals) = postSolution
		SolutionGuid = {6AC8CC89-3C86-447F-9ED2-E7328563419E}
	EndGlobalSection
EndGlobal
